
Microsoft Visual Studio Solution File, Format Version 12.00
# Visual Studio Version 16
VisualStudioVersion = 16.0.31829.152
MinimumVisualStudioVersion = 10.0.40219.1
Project("{FAE04EC0-301F-11D3-BF4B-00C04F79EFBC}") = "LiveSplit.SpeedGuidesLive", "LiveSplit.SpeedGuidesLive.csproj", "{B38A7FC8-7917-4F07-869E-BCEDAE6BA1C5}"
EndProject
Project("{9A19103F-16F7-4668-BE54-9A1E7A4F7556}") = "Markdig", "..\ext\markdig\src\Markdig\Markdig.csproj", "{2BC64BEF-90D6-479C-A1EC-A2541C803B9A}"
EndProject
Global
	GlobalSection(SolutionConfigurationPlatforms) = preSolution
		Debug|Any CPU = Debug|Any CPU
		Release|Any CPU = Release|Any CPU
	EndGlobalSection
	GlobalSection(ProjectConfigurationPlatforms) = postSolution
		{B38A7FC8-7917-4F07-869E-BCEDAE6BA1C5}.Debug|Any CPU.ActiveCfg = Debug|Any CPU
		{B38A7FC8-7917-4F07-869E-BCEDAE6BA1C5}.Debug|Any CPU.Build.0 = Debug|Any CPU
		{B38A7FC8-7917-4F07-869E-BCEDAE6BA1C5}.Release|Any CPU.ActiveCfg = Release|Any CPU
		{B38A7FC8-7917-4F07-869E-BCEDAE6BA1C5}.Release|Any CPU.Build.0 = Release|Any CPU
		{2BC64BEF-90D6-479C-A1EC-A2541C803B9A}.Debug|Any CPU.ActiveCfg = Debug|Any CPU
		{2BC64BEF-90D6-479C-A1EC-A2541C803B9A}.Debug|Any CPU.Build.0 = Debug|Any CPU
		{2BC64BEF-90D6-479C-A1EC-A2541C803B9A}.Release|Any CPU.ActiveCfg = Release|Any CPU
		{2BC64BEF-90D6-479C-A1EC-A2541C803B9A}.Release|Any CPU.Build.0 = Release|Any CPU
	EndGlobalSection
	GlobalSection(SolutionProperties) = preSolution
		HideSolutionNode = FALSE
	EndGlobalSection
	GlobalSection(ExtensibilityGlobals) = postSolution
		SolutionGuid = {0CABDE45-EB20-4EBC-B7DC-C95889670309}
	EndGlobalSection
EndGlobal
